
Microsoft Visual Studio Solution File, Format Version 11.00
# Visual Studio 2010
Project("{F2A71F9B-5D33-465A-A702-920D77279786}") = "Yaaf.AsyncTrace", "Yaaf.AsyncTrace\Yaaf.AsyncTrace.fsproj", "{6F638B25-33C8-4898-92AC-9579446B7250}"
EndProject
Global
	GlobalSection(SolutionConfigurationPlatforms) = preSolution
		Debug|Any CPU = Debug|Any CPU
		Release|Any CPU = Release|Any CPU
	EndGlobalSection
	GlobalSection(ProjectConfigurationPlatforms) = postSolution
		{6F638B25-33C8-4898-92AC-9579446B7250}.Debug|Any CPU.ActiveCfg = Debug|Any CPU
		{6F638B25-33C8-4898-92AC-9579446B7250}.Debug|Any CPU.Build.0 = Debug|Any CPU
		{6F638B25-33C8-4898-92AC-9579446B7250}.Release|Any CPU.ActiveCfg = Release|Any CPU
		{6F638B25-33C8-4898-92AC-9579446B7250}.Release|Any CPU.Build.0 = Release|Any CPU
	EndGlobalSection
	GlobalSection(SolutionProperties) = preSolution
		HideSolutionNode = FALSE
	EndGlobalSection
EndGlobal
